
Microsoft Visual Studio Solution File, Format Version 12.00
# Visual Studio 2012
Project("{FAE04EC0-301F-11D3-BF4B-00C04F79EFBC}") = "mySystem", "mySystem\mySystem.csproj", "{C9FD0095-5B3E-4943-A7D5-A37AAEB5223F}"
EndProject
Global
	GlobalSection(SolutionConfigurationPlatforms) = preSolution
		Debug|Any CPU = Debug|Any CPU
		Release|Any CPU = Release|Any CPU
	EndGlobalSection
	GlobalSection(ProjectConfigurationPlatforms) = postSolution
		{C9FD0095-5B3E-4943-A7D5-A37AAEB5223F}.Debug|Any CPU.ActiveCfg = Debug|Any CPU
		{C9FD0095-5B3E-4943-A7D5-A37AAEB5223F}.Debug|Any CPU.Build.0 = Debug|Any CPU
		{C9FD0095-5B3E-4943-A7D5-A37AAEB5223F}.Release|Any CPU.ActiveCfg = Release|Any CPU
		{C9FD0095-5B3E-4943-A7D5-A37AAEB5223F}.Release|Any CPU.Build.0 = Release|Any CPU
	EndGlobalSection
	GlobalSection(SolutionProperties) = preSolution
		HideSolutionNode = FALSE
	EndGlobalSection
EndGlobal
